// !$*UTF8*$!
{
	archiveVersion = 1;
	classes = {
	};
	objectVersion = 46;
	objects = {

/* Begin PBXBuildFile section */
		3B936FBE1EBB502D0078D3CB /* AppDelegate.swift in Sources */ = {isa = PBXBuildFile; fileRef = 3B936FBD1EBB502D0078D3CB /* AppDelegate.swift */; };
		3B936FC01EBB502D0078D3CB /* SingInVC.swift in Sources */ = {isa = PBXBuildFile; fileRef = 3B936FBF1EBB502D0078D3CB /* SingInVC.swift */; };
		3B936FC31EBB502D0078D3CB /* Main.storyboard in Resources */ = {isa = PBXBuildFile; fileRef = 3B936FC11EBB502D0078D3CB /* Main.storyboard */; };
		3B936FC51EBB502D0078D3CB /* Assets.xcassets in Resources */ = {isa = PBXBuildFile; fileRef = 3B936FC41EBB502D0078D3CB /* Assets.xcassets */; };
		3B936FC81EBB502D0078D3CB /* LaunchScreen.storyboard in Resources */ = {isa = PBXBuildFile; fileRef = 3B936FC61EBB502D0078D3CB /* LaunchScreen.storyboard */; };
		3B936FD01EBB50B80078D3CB /* GoogleService-Info.plist in Resources */ = {isa = PBXBuildFile; fileRef = 3B936FCF1EBB50B80078D3CB /* GoogleService-Info.plist */; };
		3B936FD51EBB5D750078D3CB /* FancyView.swift in Sources */ = {isa = PBXBuildFile; fileRef = 3B936FD41EBB5D750078D3CB /* FancyView.swift */; };
		3B936FD81EBB5E740078D3CB /* Constans.swift in Sources */ = {isa = PBXBuildFile; fileRef = 3B936FD71EBB5E740078D3CB /* Constans.swift */; };
		3B936FDA1EBB60C60078D3CB /* RoundedBtn.swift in Sources */ = {isa = PBXBuildFile; fileRef = 3B936FD91EBB60C60078D3CB /* RoundedBtn.swift */; };
		3B936FDC1EBB62720078D3CB /* FancyField.swift in Sources */ = {isa = PBXBuildFile; fileRef = 3B936FDB1EBB62720078D3CB /* FancyField.swift */; };
		3B936FDE1EBB63E80078D3CB /* FancyBtn.swift in Sources */ = {isa = PBXBuildFile; fileRef = 3B936FDD1EBB63E80078D3CB /* FancyBtn.swift */; };
		3BA7B2981EBC3BB300EBA58A /* FeedVC.swift in Sources */ = {isa = PBXBuildFile; fileRef = 3BA7B2971EBC3BB300EBA58A /* FeedVC.swift */; };
		3BA7B29A1EBC56FA00EBA58A /* CircleView.swift in Sources */ = {isa = PBXBuildFile; fileRef = 3BA7B2991EBC56FA00EBA58A /* CircleView.swift */; };
		3BA7B29C1EBC60C000EBA58A /* FeedCell.swift in Sources */ = {isa = PBXBuildFile; fileRef = 3BA7B29B1EBC60C000EBA58A /* FeedCell.swift */; };
		9FD216B7696C343D1612F375 /* Pods_TimSocial.framework in Frameworks */ = {isa = PBXBuildFile; fileRef = 88BB3CBBD0F16CDE57884586 /* Pods_TimSocial.framework */; };
/* End PBXBuildFile section */

/* Begin PBXFileReference section */
		0C6D0D9126829A24F831AF7E /* Pods-TimSocial.release.xcconfig */ = {isa = PBXFileReference; includeInIndex = 1; lastKnownFileType = text.xcconfig; name = "Pods-TimSocial.release.xcconfig"; path = "Pods/Target Support Files/Pods-TimSocial/Pods-TimSocial.release.xcconfig"; sourceTree = "<group>"; };
		3B936FBA1EBB502D0078D3CB /* TimSocial.app */ = {isa = PBXFileReference; explicitFileType = wrapper.application; includeInIndex = 0; path = TimSocial.app; sourceTree = BUILT_PRODUCTS_DIR; };
		3B936FBD1EBB502D0078D3CB /* AppDelegate.swift */ = {isa = PBXFileReference; lastKnownFileType = sourcecode.swift; path = AppDelegate.swift; sourceTree = "<group>"; };
		3B936FBF1EBB502D0078D3CB /* SingInVC.swift */ = {isa = PBXFileReference; lastKnownFileType = sourcecode.swift; path = SingInVC.swift; sourceTree = "<group>"; };
		3B936FC21EBB502D0078D3CB /* Base */ = {isa = PBXFileReference; lastKnownFileType = file.storyboard; name = Base; path = Base.lproj/Main.storyboard; sourceTree = "<group>"; };
		3B936FC41EBB502D0078D3CB /* Assets.xcassets */ = {isa = PBXFileReference; lastKnownFileType = folder.assetcatalog; path = Assets.xcassets; sourceTree = "<group>"; };
		3B936FC71EBB502D0078D3CB /* Base */ = {isa = PBXFileReference; lastKnownFileType = file.storyboard; name = Base; path = Base.lproj/LaunchScreen.storyboard; sourceTree = "<group>"; };
		3B936FC91EBB502D0078D3CB /* Info.plist */ = {isa = PBXFileReference; lastKnownFileType = text.plist.xml; path = Info.plist; sourceTree = "<group>"; };
		3B936FCF1EBB50B80078D3CB /* GoogleService-Info.plist */ = {isa = PBXFileReference; fileEncoding = 4; lastKnownFileType = text.plist.xml; path = "GoogleService-Info.plist"; sourceTree = "<group>"; };
		3B936FD41EBB5D750078D3CB /* FancyView.swift */ = {isa = PBXFileReference; fileEncoding = 4; lastKnownFileType = sourcecode.swift; path = FancyView.swift; sourceTree = "<group>"; };
		3B936FD71EBB5E740078D3CB /* Constans.swift */ = {isa = PBXFileReference; fileEncoding = 4; lastKnownFileType = sourcecode.swift; path = Constans.swift; sourceTree = "<group>"; };
		3B936FD91EBB60C60078D3CB /* RoundedBtn.swift */ = {isa = PBXFileReference; fileEncoding = 4; lastKnownFileType = sourcecode.swift; path = RoundedBtn.swift; sourceTree = "<group>"; };
		3B936FDB1EBB62720078D3CB /* FancyField.swift */ = {isa = PBXFileReference; fileEncoding = 4; lastKnownFileType = sourcecode.swift; path = FancyField.swift; sourceTree = "<group>"; };
		3B936FDD1EBB63E80078D3CB /* FancyBtn.swift */ = {isa = PBXFileReference; fileEncoding = 4; lastKnownFileType = sourcecode.swift; path = FancyBtn.swift; sourceTree = "<group>"; };
		3B936FDF1EBB7FAA0078D3CB /* TimSocial.entitlements */ = {isa = PBXFileReference; lastKnownFileType = text.plist.entitlements; path = TimSocial.entitlements; sourceTree = "<group>"; };
		3BA7B2971EBC3BB300EBA58A /* FeedVC.swift */ = {isa = PBXFileReference; fileEncoding = 4; lastKnownFileType = sourcecode.swift; path = FeedVC.swift; sourceTree = "<group>"; };
		3BA7B2991EBC56FA00EBA58A /* CircleView.swift */ = {isa = PBXFileReference; fileEncoding = 4; lastKnownFileType = sourcecode.swift; path = CircleView.swift; sourceTree = "<group>"; };
		3BA7B29B1EBC60C000EBA58A /* FeedCell.swift */ = {isa = PBXFileReference; fileEncoding = 4; lastKnownFileType = sourcecode.swift; path = FeedCell.swift; sourceTree = "<group>"; };
		80396BD11E2F6A84B51E6A17 /* Pods-TimSocial.debug.xcconfig */ = {isa = PBXFileReference; includeInIndex = 1; lastKnownFileType = text.xcconfig; name = "Pods-TimSocial.debug.xcconfig"; path = "Pods/Target Support Files/Pods-TimSocial/Pods-TimSocial.debug.xcconfig"; sourceTree = "<group>"; };
		88BB3CBBD0F16CDE57884586 /* Pods_TimSocial.framework */ = {isa = PBXFileReference; explicitFileType = wrapper.framework; includeInIndex = 0; path = Pods_TimSocial.framework; sourceTree = BUILT_PRODUCTS_DIR; };
/* End PBXFileReference section */

/* Begin PBXFrameworksBuildPhase section */
		3B936FB71EBB502D0078D3CB /* Frameworks */ = {
			isa = PBXFrameworksBuildPhase;
			buildActionMask = 2147483647;
			files = (
				9FD216B7696C343D1612F375 /* Pods_TimSocial.framework in Frameworks */,
			);
			runOnlyForDeploymentPostprocessing = 0;
		};
/* End PBXFrameworksBuildPhase section */

/* Begin PBXGroup section */
		3B936FB11EBB502D0078D3CB = {
			isa = PBXGroup;
			children = (
				3B936FBC1EBB502D0078D3CB /* TimSocial */,
				3B936FBB1EBB502D0078D3CB /* Products */,
				762D5E8E6236487B31BF8BA0 /* Pods */,
				535B89EF73BBFEB137F59DFD /* Frameworks */,
			);
			sourceTree = "<group>";
		};
		3B936FBB1EBB502D0078D3CB /* Products */ = {
			isa = PBXGroup;
			children = (
				3B936FBA1EBB502D0078D3CB /* TimSocial.app */,
			);
			name = Products;
			sourceTree = "<group>";
		};
		3B936FBC1EBB502D0078D3CB /* TimSocial */ = {
			isa = PBXGroup;
			children = (
				3B936FDF1EBB7FAA0078D3CB /* TimSocial.entitlements */,
				3B936FD61EBB5E640078D3CB /* Util */,
				3B936FD11EBB52140078D3CB /* Model */,
				3B936FD31EBB521E0078D3CB /* Controller */,
				3B936FD21EBB52190078D3CB /* View */,
				3B936FBD1EBB502D0078D3CB /* AppDelegate.swift */,
				3B936FC11EBB502D0078D3CB /* Main.storyboard */,
				3B936FC41EBB502D0078D3CB /* Assets.xcassets */,
				3B936FC61EBB502D0078D3CB /* LaunchScreen.storyboard */,
				3B936FCF1EBB50B80078D3CB /* GoogleService-Info.plist */,
				3B936FC91EBB502D0078D3CB /* Info.plist */,
			);
			path = TimSocial;
			sourceTree = "<group>";
		};
		3B936FD11EBB52140078D3CB /* Model */ = {
			isa = PBXGroup;
			children = (
			);
			name = Model;
			sourceTree = "<group>";
		};
		3B936FD21EBB52190078D3CB /* View */ = {
			isa = PBXGroup;
			children = (
				3BA7B29B1EBC60C000EBA58A /* FeedCell.swift */,
				3B936FD41EBB5D750078D3CB /* FancyView.swift */,
				3B936FD91EBB60C60078D3CB /* RoundedBtn.swift */,
				3B936FDB1EBB62720078D3CB /* FancyField.swift */,
				3B936FDD1EBB63E80078D3CB /* FancyBtn.swift */,
				3BA7B2991EBC56FA00EBA58A /* CircleView.swift */,
			);
			name = View;
			sourceTree = "<group>";
		};
		3B936FD31EBB521E0078D3CB /* Controller */ = {
			isa = PBXGroup;
			children = (
				3B936FBF1EBB502D0078D3CB /* SingInVC.swift */,
				3BA7B2971EBC3BB300EBA58A /* FeedVC.swift */,
			);
			name = Controller;
			sourceTree = "<group>";
		};
		3B936FD61EBB5E640078D3CB /* Util */ = {
			isa = PBXGroup;
			children = (
				3B936FD71EBB5E740078D3CB /* Constans.swift */,
			);
			name = Util;
			sourceTree = "<group>";
		};
		535B89EF73BBFEB137F59DFD /* Frameworks */ = {
			isa = PBXGroup;
			children = (
				88BB3CBBD0F16CDE57884586 /* Pods_TimSocial.framework */,
			);
			name = Frameworks;
			sourceTree = "<group>";
		};
		762D5E8E6236487B31BF8BA0 /* Pods */ = {
			isa = PBXGroup;
			children = (
				80396BD11E2F6A84B51E6A17 /* Pods-TimSocial.debug.xcconfig */,
				0C6D0D9126829A24F831AF7E /* Pods-TimSocial.release.xcconfig */,
			);
			name = Pods;
			sourceTree = "<group>";
		};
/* End PBXGroup section */

/* Begin PBXNativeTarget section */
		3B936FB91EBB502D0078D3CB /* TimSocial */ = {
			isa = PBXNativeTarget;
			buildConfigurationList = 3B936FCC1EBB502D0078D3CB /* Build configuration list for PBXNativeTarget "TimSocial" */;
			buildPhases = (
				266E3A70DA3E2AAE7AF96A88 /* [CP] Check Pods Manifest.lock */,
				3B936FB61EBB502D0078D3CB /* Sources */,
				3B936FB71EBB502D0078D3CB /* Frameworks */,
				3B936FB81EBB502D0078D3CB /* Resources */,
				8DC6B5681FBB6C27EA7F098C /* [CP] Embed Pods Frameworks */,
				F871D33EE474A13FD3E3C3CC /* [CP] Copy Pods Resources */,
			);
			buildRules = (
			);
			dependencies = (
			);
			name = TimSocial;
			productName = TimSocial;
			productReference = 3B936FBA1EBB502D0078D3CB /* TimSocial.app */;
			productType = "com.apple.product-type.application";
		};
/* End PBXNativeTarget section */

/* Begin PBXProject section */
		3B936FB21EBB502D0078D3CB /* Project object */ = {
			isa = PBXProject;
			attributes = {
				LastSwiftUpdateCheck = 0830;
				LastUpgradeCheck = 0830;
				ORGANIZATIONNAME = kinia;
				TargetAttributes = {
					3B936FB91EBB502D0078D3CB = {
						CreatedOnToolsVersion = 8.3.2;
						DevelopmentTeam = 3C3Q949D94;
						ProvisioningStyle = Automatic;
						SystemCapabilities = {
							com.apple.Keychain = {
								enabled = 1;
							};
						};
					};
				};
			};
			buildConfigurationList = 3B936FB51EBB502D0078D3CB /* Build configuration list for PBXProject "TimSocial" */;
			compatibilityVersion = "Xcode 3.2";
			developmentRegion = English;
			hasScannedForEncodings = 0;
			knownRegions = (
				en,
				Base,
			);
			mainGroup = 3B936FB11EBB502D0078D3CB;
			productRefGroup = 3B936FBB1EBB502D0078D3CB /* Products */;
			projectDirPath = "";
			projectRoot = "";
			targets = (
				3B936FB91EBB502D0078D3CB /* TimSocial */,
			);
		};
/* End PBXProject section */

/* Begin PBXResourcesBuildPhase section */
		3B936FB81EBB502D0078D3CB /* Resources */ = {
			isa = PBXResourcesBuildPhase;
			buildActionMask = 2147483647;
			files = (
				3B936FC81EBB502D0078D3CB /* LaunchScreen.storyboard in Resources */,
				3B936FD01EBB50B80078D3CB /* GoogleService-Info.plist in Resources */,
				3B936FC51EBB502D0078D3CB /* Assets.xcassets in Resources */,
				3B936FC31EBB502D0078D3CB /* Main.storyboard in Resources */,
			);
			runOnlyForDeploymentPostprocessing = 0;
		};
/* End PBXResourcesBuildPhase section */

/* Begin PBXShellScriptBuildPhase section */
		266E3A70DA3E2AAE7AF96A88 /* [CP] Check Pods Manifest.lock */ = {
			isa = PBXShellScriptBuildPhase;
			buildActionMask = 2147483647;
			files = (
			);
			inputPaths = (
			);
			name = "[CP] Check Pods Manifest.lock";
			outputPaths = (
			);
			runOnlyForDeploymentPostprocessing = 0;
			shellPath = /bin/sh;
			shellScript = "diff \"${PODS_PODFILE_DIR_PATH}/Podfile.lock\" \"${PODS_ROOT}/Manifest.lock\" > /dev/null\nif [ $? != 0 ] ; then\n    # print error to STDERR\n    echo \"error: The sandbox is not in sync with the Podfile.lock. Run 'pod install' or update your CocoaPods installation.\" >&2\n    exit 1\nfi\n";
			showEnvVarsInLog = 0;
		};
		8DC6B5681FBB6C27EA7F098C /* [CP] Embed Pods Frameworks */ = {
			isa = PBXShellScriptBuildPhase;
			buildActionMask = 2147483647;
			files = (
			);
			inputPaths = (
			);
			name = "[CP] Embed Pods Frameworks";
			outputPaths = (
			);
			runOnlyForDeploymentPostprocessing = 0;
			shellPath = /bin/sh;
			shellScript = "\"${SRCROOT}/Pods/Target Support Files/Pods-TimSocial/Pods-TimSocial-frameworks.sh\"\n";
			showEnvVarsInLog = 0;
		};
		F871D33EE474A13FD3E3C3CC /* [CP] Copy Pods Resources */ = {
			isa = PBXShellScriptBuildPhase;
			buildActionMask = 2147483647;
			files = (
			);
			inputPaths = (
			);
			name = "[CP] Copy Pods Resources";
			outputPaths = (
			);
			runOnlyForDeploymentPostprocessing = 0;
			shellPath = /bin/sh;
			shellScript = "\"${SRCROOT}/Pods/Target Support Files/Pods-TimSocial/Pods-TimSocial-resources.sh\"\n";
			showEnvVarsInLog = 0;
		};
/* End PBXShellScriptBuildPhase section */

/* Begin PBXSourcesBuildPhase section */
		3B936FB61EBB502D0078D3CB /* Sources */ = {
			isa = PBXSourcesBuildPhase;
			buildActionMask = 2147483647;
			files = (
				3BA7B29A1EBC56FA00EBA58A /* CircleView.swift in Sources */,
				3B936FDC1EBB62720078D3CB /* FancyField.swift in Sources */,
				3B936FC01EBB502D0078D3CB /* SingInVC.swift in Sources */,
				3B936FBE1EBB502D0078D3CB /* AppDelegate.swift in Sources */,
				3B936FDA1EBB60C60078D3CB /* RoundedBtn.swift in Sources */,
				3BA7B29C1EBC60C000EBA58A /* FeedCell.swift in Sources */,
				3BA7B2981EBC3BB300EBA58A /* FeedVC.swift in Sources */,
				3B936FD81EBB5E740078D3CB /* Constans.swift in Sources */,
				3B936FD51EBB5D750078D3CB /* FancyView.swift in Sources */,
				3B936FDE1EBB63E80078D3CB /* FancyBtn.swift in Sources */,
			);
			runOnlyForDeploymentPostprocessing = 0;
		};
/* End PBXSourcesBuildPhase section */

/* Begin PBXVariantGroup section */
		3B936FC11EBB502D0078D3CB /* Main.storyboard */ = {
			isa = PBXVariantGroup;
			children = (
				3B936FC21EBB502D0078D3CB /* Base */,
			);
			name = Main.storyboard;
			sourceTree = "<group>";
		};
		3B936FC61EBB502D0078D3CB /* LaunchScreen.storyboard */ = {
			isa = PBXVariantGroup;
			children = (
				3B936FC71EBB502D0078D3CB /* Base */,
			);
			name = LaunchScreen.storyboard;
			sourceTree = "<group>";
		};
/* End PBXVariantGroup section */

/* Begin XCBuildConfiguration section */
		3B936FCA1EBB502D0078D3CB /* Debug */ = {
			isa = XCBuildConfiguration;
			buildSettings = {
				ALWAYS_SEARCH_USER_PATHS = NO;
				CLANG_ANALYZER_NONNULL = YES;
				CLANG_ANALYZER_NUMBER_OBJECT_CONVERSION = YES_AGGRESSIVE;
				CLANG_CXX_LANGUAGE_STANDARD = "gnu++0x";
				CLANG_CXX_LIBRARY = "libc++";
				CLANG_ENABLE_MODULES = YES;
				CLANG_ENABLE_OBJC_ARC = YES;
				CLANG_WARN_BOOL_CONVERSION = YES;
				CLANG_WARN_CONSTANT_CONVERSION = YES;
				CLANG_WARN_DIRECT_OBJC_ISA_USAGE = YES_ERROR;
				CLANG_WARN_DOCUMENTATION_COMMENTS = YES;
				CLANG_WARN_EMPTY_BODY = YES;
				CLANG_WARN_ENUM_CONVERSION = YES;
				CLANG_WARN_INFINITE_RECURSION = YES;
				CLANG_WARN_INT_CONVERSION = YES;
				CLANG_WARN_OBJC_ROOT_CLASS = YES_ERROR;
				CLANG_WARN_SUSPICIOUS_MOVE = YES;
				CLANG_WARN_UNREACHABLE_CODE = YES;
				CLANG_WARN__DUPLICATE_METHOD_MATCH = YES;
				"CODE_SIGN_IDENTITY[sdk=iphoneos*]" = "iPhone Developer";
				COPY_PHASE_STRIP = NO;
				DEBUG_INFORMATION_FORMAT = dwarf;
				ENABLE_STRICT_OBJC_MSGSEND = YES;
				ENABLE_TESTABILITY = YES;
				GCC_C_LANGUAGE_STANDARD = gnu99;
				GCC_DYNAMIC_NO_PIC = NO;
				GCC_NO_COMMON_BLOCKS = YES;
				GCC_OPTIMIZATION_LEVEL = 0;
				GCC_PREPROCESSOR_DEFINITIONS = (
					"DEBUG=1",
					"$(inherited)",
				);
				GCC_WARN_64_TO_32_BIT_CONVERSION = YES;
				GCC_WARN_ABOUT_RETURN_TYPE = YES_ERROR;
				GCC_WARN_UNDECLARED_SELECTOR = YES;
				GCC_WARN_UNINITIALIZED_AUTOS = YES_AGGRESSIVE;
				GCC_WARN_UNUSED_FUNCTION = YES;
				GCC_WARN_UNUSED_VARIABLE = YES;
				IPHONEOS_DEPLOYMENT_TARGET = 10.3;
				MTL_ENABLE_DEBUG_INFO = YES;
				ONLY_ACTIVE_ARCH = YES;
				SDKROOT = iphoneos;
				SWIFT_ACTIVE_COMPILATION_CONDITIONS = DEBUG;
				SWIFT_OPTIMIZATION_LEVEL = "-Onone";
				TARGETED_DEVICE_FAMILY = "1,2";
			};
			name = Debug;
		};
		3B936FCB1EBB502D0078D3CB /* Release */ = {
			isa = XCBuildConfiguration;
			buildSettings = {
				ALWAYS_SEARCH_USER_PATHS = NO;
				CLANG_ANALYZER_NONNULL = YES;
				CLANG_ANALYZER_NUMBER_OBJECT_CONVERSION = YES_AGGRESSIVE;
				CLANG_CXX_LANGUAGE_STANDARD = "gnu++0x";
				CLANG_CXX_LIBRARY = "libc++";
				CLANG_ENABLE_MODULES = YES;
				CLANG_ENABLE_OBJC_ARC = YES;
				CLANG_WARN_BOOL_CONVERSION = YES;
				CLANG_WARN_CONSTANT_CONVERSION = YES;
				CLANG_WARN_DIRECT_OBJC_ISA_USAGE = YES_ERROR;
				CLANG_WARN_DOCUMENTATION_COMMENTS = YES;
				CLANG_WARN_EMPTY_BODY = YES;
				CLANG_WARN_ENUM_CONVERSION = YES;
				CLANG_WARN_INFINITE_RECURSION = YES;
				CLANG_WARN_INT_CONVERSION = YES;
				CLANG_WARN_OBJC_ROOT_CLASS = YES_ERROR;
				CLANG_WARN_SUSPICIOUS_MOVE = YES;
				CLANG_WARN_UNREACHABLE_CODE = YES;
				CLANG_WARN__DUPLICATE_METHOD_MATCH = YES;
				"CODE_SIGN_IDENTITY[sdk=iphoneos*]" = "iPhone Developer";
				COPY_PHASE_STRIP = NO;
				DEBUG_INFORMATION_FORMAT = "dwarf-with-dsym";
				ENABLE_NS_ASSERTIONS = NO;
				ENABLE_STRICT_OBJC_MSGSEND = YES;
				GCC_C_LANGUAGE_STANDARD = gnu99;
				GCC_NO_COMMON_BLOCKS = YES;
				GCC_WARN_64_TO_32_BIT_CONVERSION = YES;
				GCC_WARN_ABOUT_RETURN_TYPE = YES_ERROR;
				GCC_WARN_UNDECLARED_SELECTOR = YES;
				GCC_WARN_UNINITIALIZED_AUTOS = YES_AGGRESSIVE;
				GCC_WARN_UNUSED_FUNCTION = YES;
				GCC_WARN_UNUSED_VARIABLE = YES;
				IPHONEOS_DEPLOYMENT_TARGET = 10.3;
				MTL_ENABLE_DEBUG_INFO = NO;
				SDKROOT = iphoneos;
				SWIFT_OPTIMIZATION_LEVEL = "-Owholemodule";
				TARGETED_DEVICE_FAMILY = "1,2";
				VALIDATE_PRODUCT = YES;
			};
			name = Release;
		};
		3B936FCD1EBB502D0078D3CB /* Debug */ = {
			isa = XCBuildConfiguration;
			baseConfigurationReference = 80396BD11E2F6A84B51E6A17 /* Pods-TimSocial.debug.xcconfig */;
			buildSettings = {
				ASSETCATALOG_COMPILER_APPICON_NAME = AppIcon;
				CODE_SIGN_ENTITLEMENTS = TimSocial/TimSocial.entitlements;
				DEVELOPMENT_TEAM = 3C3Q949D94;
				INFOPLIST_FILE = TimSocial/Info.plist;
				LD_RUNPATH_SEARCH_PATHS = "$(inherited) @executable_path/Frameworks";
				PRODUCT_BUNDLE_IDENTIFIER = kinia.TimSocial;
				PRODUCT_NAME = "$(TARGET_NAME)";
				SWIFT_VERSION = 3.0;
			};
			name = Debug;
		};
		3B936FCE1EBB502D0078D3CB /* Release */ = {
			isa = XCBuildConfiguration;
			baseConfigurationReference = 0C6D0D9126829A24F831AF7E /* Pods-TimSocial.release.xcconfig */;
			buildSettings = {
				ASSETCATALOG_COMPILER_APPICON_NAME = AppIcon;
				CODE_SIGN_ENTITLEMENTS = TimSocial/TimSocial.entitlements;
				DEVELOPMENT_TEAM = 3C3Q949D94;
				INFOPLIST_FILE = TimSocial/Info.plist;
				LD_RUNPATH_SEARCH_PATHS = "$(inherited) @executable_path/Frameworks";
				PRODUCT_BUNDLE_IDENTIFIER = kinia.TimSocial;
				PRODUCT_NAME = "$(TARGET_NAME)";
				SWIFT_VERSION = 3.0;
			};
			name = Release;
		};
/* End XCBuildConfiguration section */

/* Begin XCConfigurationList section */
		3B936FB51EBB502D0078D3CB /* Build configuration list for PBXProject "TimSocial" */ = {
			isa = XCConfigurationList;
			buildConfigurations = (
				3B936FCA1EBB502D0078D3CB /* Debug */,
				3B936FCB1EBB502D0078D3CB /* Release */,
			);
			defaultConfigurationIsVisible = 0;
			defaultConfigurationName = Release;
		};
		3B936FCC1EBB502D0078D3CB /* Build configuration list for PBXNativeTarget "TimSocial" */ = {
			isa = XCConfigurationList;
			buildConfigurations = (
				3B936FCD1EBB502D0078D3CB /* Debug */,
				3B936FCE1EBB502D0078D3CB /* Release */,
			);
			defaultConfigurationIsVisible = 0;
			defaultConfigurationName = Release;
		};
/* End XCConfigurationList section */
	};
	rootObject = 3B936FB21EBB502D0078D3CB /* Project object */;
}
